# This file is automatically @generated by Cargo.
# It is not intended for manual editing.
version = 3

[[package]]
name = "dep_feature_with_explicit_feature"
version = "0.1.0"
dependencies = [
 "dep_name",
 "unrelated",
]

[[package]]
name = "dep_feature_with_implicit_feature"
version = "0.1.0"
dependencies = [
 "dep_name",
]

[[package]]
name = "dep_name"
version = "0.1.0"

[[package]]
name = "namespaced_dep"
version = "0.1.0"
dependencies = [
 "dep_name",
]

[[package]]
name = "unrelated"
version = "0.1.0"
